
Microsoft Visual Studio Solution File, Format Version 12.00
# Visual Studio Version 17
VisualStudioVersion = 17.14.36915.13 d17.14
MinimumVisualStudioVersion = 10.0.40219.1
Project("{FAE04EC0-301F-11D3-BF4B-00C04F79EFBC}") = "ShoppingList.API", "ShoppingList.API.csproj", "{325C0050-06B2-401F-A4B9-718E7789CD0A}"
EndProject
Global
	GlobalSection(SolutionConfigurationPlatforms) = preSolution
		Debug|Any CPU = Debug|Any CPU
		Release|Any CPU = Release|Any CPU
	EndGlobalSection
	GlobalSection(ProjectConfigurationPlatforms) = postSolution
		{325C0050-06B2-401F-A4B9-718E7789CD0A}.Debug|Any CPU.ActiveCfg = Debug|Any CPU
		{325C0050-06B2-401F-A4B9-718E7789CD0A}.Debug|Any CPU.Build.0 = Debug|Any CPU
		{325C0050-06B2-401F-A4B9-718E7789CD0A}.Release|Any CPU.ActiveCfg = Release|Any CPU
		{325C0050-06B2-401F-A4B9-718E7789CD0A}.Release|Any CPU.Build.0 = Release|Any CPU
	EndGlobalSection
	GlobalSection(SolutionProperties) = preSolution
		HideSolutionNode = FALSE
	EndGlobalSection
	GlobalSection(ExtensibilityGlobals) = postSolution
		SolutionGuid = {22589A27-B8CB-4A1C-953B-28DBA8E89165}
	EndGlobalSection
EndGlobal
